
Microsoft Visual Studio Solution File, Format Version 12.00
# Visual Studio 15
VisualStudioVersion = 15.0.27428.2037
MinimumVisualStudioVersion = 10.0.40219.1
Project("{FAE04EC0-301F-11D3-BF4B-00C04F79EFBC}") = "WindowsFormsApp1", "WindowsFormsApp1\WindowsFormsApp1.csproj", "{66643DCF-6A8B-4A4B-AC29-BD9601437944}"
EndProject
Global
	GlobalSection(SolutionConfigurationPlatforms) = preSolution
		Debug|Any CPU = Debug|Any CPU
		Release|Any CPU = Release|Any CPU
	EndGlobalSection
	GlobalSection(ProjectConfigurationPlatforms) = postSolution
		{66643DCF-6A8B-4A4B-AC29-BD9601437944}.Debug|Any CPU.ActiveCfg = Debug|Any CPU
		{66643DCF-6A8B-4A4B-AC29-BD9601437944}.Debug|Any CPU.Build.0 = Debug|Any CPU
		{66643DCF-6A8B-4A4B-AC29-BD9601437944}.Release|Any CPU.ActiveCfg = Release|Any CPU
		{66643DCF-6A8B-4A4B-AC29-BD9601437944}.Release|Any CPU.Build.0 = Release|Any CPU
	EndGlobalSection
	GlobalSection(SolutionProperties) = preSolution
		HideSolutionNode = FALSE
	EndGlobalSection
	GlobalSection(ExtensibilityGlobals) = postSolution
		SolutionGuid = {7FF17D8A-2ECA-4803-88F0-2D062E529A81}
	EndGlobalSection
EndGlobal
